
Microsoft Visual Studio Solution File, Format Version 12.00
# Visual Studio Version 17
VisualStudioVersion = 17.1.32210.238
MinimumVisualStudioVersion = 10.0.40219.1
Project("{FAE04EC0-301F-11D3-BF4B-00C04F79EFBC}") = "JokeGenerator", "JokeGenerator\JokeGenerator.csproj", "{7B758FE4-D154-4466-96A7-858646489E02}"
EndProject
Global
	GlobalSection(SolutionConfigurationPlatforms) = preSolution
		Debug|Any CPU = Debug|Any CPU
		Release|Any CPU = Release|Any CPU
	EndGlobalSection
	GlobalSection(ProjectConfigurationPlatforms) = postSolution
		{7B758FE4-D154-4466-96A7-858646489E02}.Debug|Any CPU.ActiveCfg = Debug|Any CPU
		{7B758FE4-D154-4466-96A7-858646489E02}.Debug|Any CPU.Build.0 = Debug|Any CPU
		{7B758FE4-D154-4466-96A7-858646489E02}.Release|Any CPU.ActiveCfg = Release|Any CPU
		{7B758FE4-D154-4466-96A7-858646489E02}.Release|Any CPU.Build.0 = Release|Any CPU
	EndGlobalSection
	GlobalSection(SolutionProperties) = preSolution
		HideSolutionNode = FALSE
	EndGlobalSection
	GlobalSection(ExtensibilityGlobals) = postSolution
		SolutionGuid = {3ECBB4B5-DD5B-4338-9AF0-1F1BC3D9CACA}
	EndGlobalSection
EndGlobal
